GEM
  remote: https://rubygems.org/
  specs:
    drb (2.2.3)
    fiddle (1.1.8)
    hoe (4.6.1)
      rake (~> 13.0)
    minitest (6.0.2)
      drb (~> 2.0)
      prism (~> 1.5)
    prism (1.9.0)
    rake (13.3.1)

PLATFORMS
  x64-mingw-ucrt
  x64-mingw32
  x86_64-linux

DEPENDENCIES
  fiddle (~> 1.0)
  hoe (~> 4.6)
  minitest (~> 6.0)

BUNDLED WITH
   4.0.8
